
Microsoft Visual Studio Solution File, Format Version 12.00
# Visual Studio Version 16
VisualStudioVersion = 16.0.30320.27
MinimumVisualStudioVersion = 10.0.40219.1
Project("{FAE04EC0-301F-11D3-BF4B-00C04F79EFBC}") = "FinanceManager", "FinanceManager\FinanceManager.csproj", "{AB40DCBF-1945-4F70-B7E4-D5F9238E4022}"
EndProject
Global
	GlobalSection(SolutionConfigurationPlatforms) = preSolution
		Debug|Any CPU = Debug|Any CPU
		Release|Any CPU = Release|Any CPU
	EndGlobalSection
	GlobalSection(ProjectConfigurationPlatforms) = postSolution
		{AB40DCBF-1945-4F70-B7E4-D5F9238E4022}.Debug|Any CPU.ActiveCfg = Debug|Any CPU
		{AB40DCBF-1945-4F70-B7E4-D5F9238E4022}.Debug|Any CPU.Build.0 = Debug|Any CPU
		{AB40DCBF-1945-4F70-B7E4-D5F9238E4022}.Release|Any CPU.ActiveCfg = Release|Any CPU
		{AB40DCBF-1945-4F70-B7E4-D5F9238E4022}.Release|Any CPU.Build.0 = Release|Any CPU
	EndGlobalSection
	GlobalSection(SolutionProperties) = preSolution
		HideSolutionNode = FALSE
	EndGlobalSection
	GlobalSection(ExtensibilityGlobals) = postSolution
		SolutionGuid = {C8FBA7B1-B946-40C1-8B4E-9688132EE16A}
	EndGlobalSection
EndGlobal
